// !$*UTF8*$!
{
	archiveVersion = 1;
	classes = {
	};
	objectVersion = 55;
	objects = {

/* Begin PBXBuildFile section */
		15BD1DC52797CB2600C9A119 /* AppDelegate.swift in Sources */ = {isa = PBXBuildFile; fileRef = 15BD1DC42797CB2600C9A119 /* AppDelegate.swift */; };
		15BD1DC72797CB2600C9A119 /* SceneDelegate.swift in Sources */ = {isa = PBXBuildFile; fileRef = 15BD1DC62797CB2600C9A119 /* SceneDelegate.swift */; };
		15BD1DC92797CB2600C9A119 /* ViewController.swift in Sources */ = {isa = PBXBuildFile; fileRef = 15BD1DC82797CB2600C9A119 /* ViewController.swift */; };
		15BD1DCC2797CB2600C9A119 /* Main.storyboard in Resources */ = {isa = PBXBuildFile; fileRef = 15BD1DCA2797CB2600C9A119 /* Main.storyboard */; };
		15BD1DCE2797CB2900C9A119 /* Assets.xcassets in Resources */ = {isa = PBXBuildFile; fileRef = 15BD1DCD2797CB2900C9A119 /* Assets.xcassets */; };
		15BD1DD12797CB2900C9A119 /* LaunchScreen.storyboard in Resources */ = {isa = PBXBuildFile; fileRef = 15BD1DCF2797CB2900C9A119 /* LaunchScreen.storyboard */; };
		15BD1DDC2797CB2900C9A119 /* PreworkTests.swift in Sources */ = {isa = PBXBuildFile; fileRef = 15BD1DDB2797CB2900C9A119 /* PreworkTests.swift */; };
		15BD1DE62797CB2900C9A119 /* PreworkUITests.swift in Sources */ = {isa = PBXBuildFile; fileRef = 15BD1DE52797CB2900C9A119 /* PreworkUITests.swift */; };
		15BD1DE82797CB2900C9A119 /* PreworkUITestsLaunchTests.swift in Sources */ = {isa = PBXBuildFile; fileRef = 15BD1DE72797CB2900C9A119 /* PreworkUITestsLaunchTests.swift */; };
/* End PBXBuildFile section */

/* Begin PBXContainerItemProxy section */
		15BD1DD82797CB2900C9A119 /* PBXContainerItemProxy */ = {
			isa = PBXContainerItemProxy;
			containerPortal = 15BD1DB92797CB2600C9A119 /* Project object */;
			proxyType = 1;
			remoteGlobalIDString = 15BD1DC02797CB2600C9A119;
			remoteInfo = Prework;
		};
		15BD1DE22797CB2900C9A119 /* PBXContainerItemProxy */ = {
			isa = PBXContainerItemProxy;
			containerPortal = 15BD1DB92797CB2600C9A119 /* Project object */;
			proxyType = 1;
			remoteGlobalIDString = 15BD1DC02797CB2600C9A119;
			remoteInfo = Prework;
		};
/* End PBXContainerItemProxy section */

/* Begin PBXFileReference section */
		15BD1DC12797CB2600C9A119 /* Prework.app */ = {isa = PBXFileReference; explicitFileType = wrapper.application; includeInIndex = 0; path = Prework.app; sourceTree = BUILT_PRODUCTS_DIR; };
		15BD1DC42797CB2600C9A119 /* AppDelegate.swift */ = {isa = PBXFileReference; lastKnownFileType = sourcecode.swift; path = AppDelegate.swift; sourceTree = "<group>"; };
		15BD1DC62797CB2600C9A119 /* SceneDelegate.swift */ = {isa = PBXFileReference; lastKnownFileType = sourcecode.swift; path = SceneDelegate.swift; sourceTree = "<group>"; };
		15BD1DC82797CB2600C9A119 /* ViewController.swift */ = {isa = PBXFileReference; lastKnownFileType = sourcecode.swift; path = ViewController.swift; sourceTree = "<group>"; };
		15BD1DCB2797CB2600C9A119 /* Base */ = {isa = PBXFileReference; lastKnownFileType = file.storyboard; name = Base; path = Base.lproj/Main.storyboard; sourceTree = "<group>"; };
		15BD1DCD2797CB2900C9A119 /* Assets.xcassets */ = {isa = PBXFileReference; lastKnownFileType = folder.assetcatalog; path = Assets.xcassets; sourceTree = "<group>"; };
		15BD1DD02797CB2900C9A119 /* Base */ = {isa = PBXFileReference; lastKnownFileType = file.storyboard; name = Base; path = Base.lproj/LaunchScreen.storyboard; sourceTree = "<group>"; };
		15BD1DD22797CB2900C9A119 /* Info.plist */ = {isa = PBXFileReference; lastKnownFileType = text.plist.xml; path = Info.plist; sourceTree = "<group>"; };
		15BD1DD72797CB2900C9A119 /* PreworkTests.xctest */ = {isa = PBXFileReference; explicitFileType = wrapper.cfbundle; includeInIndex = 0; path = PreworkTests.xctest; sourceTree = BUILT_PRODUCTS_DIR; };
		15BD1DDB2797CB2900C9A119 /* PreworkTests.swift */ = {isa = PBXFileReference; lastKnownFileType = sourcecode.swift; path = PreworkTests.swift; sourceTree = "<group>"; };
		15BD1DE12797CB2900C9A119 /* PreworkUITests.xctest */ = {isa = PBXFileReference; explicitFileType = wrapper.cfbundle; includeInIndex = 0; path = PreworkUITests.xctest; sourceTree = BUILT_PRODUCTS_DIR; };
		15BD1DE52797CB2900C9A119 /* PreworkUITests.swift */ = {isa = PBXFileReference; lastKnownFileType = sourcecode.swift; path = PreworkUITests.swift; sourceTree = "<group>"; };
		15BD1DE72797CB2900C9A119 /* PreworkUITestsLaunchTests.swift */ = {isa = PBXFileReference; lastKnownFileType = sourcecode.swift; path = PreworkUITestsLaunchTests.swift; sourceTree = "<group>"; };
/* End PBXFileReference section */

/* Begin PBXFrameworksBuildPhase section */
		15BD1DBE2797CB2600C9A119 /* Frameworks */ = {
			isa = PBXFrameworksBuildPhase;
			buildActionMask = 2147483647;
			files = (
			);
			runOnlyForDeploymentPostprocessing = 0;
		};
		15BD1DD42797CB2900C9A119 /* Frameworks */ = {
			isa = PBXFrameworksBuildPhase;
			buildActionMask = 2147483647;
			files = (
			);
			runOnlyForDeploymentPostprocessing = 0;
		};
		15BD1DDE2797CB2900C9A119 /* Frameworks */ = {
			isa = PBXFrameworksBuildPhase;
			buildActionMask = 2147483647;
			files = (
			);
			runOnlyForDeploymentPostprocessing = 0;
		};
/* End PBXFrameworksBuildPhase section */

/* Begin PBXGroup section */
		15BD1DB82797CB2600C9A119 = {
			isa = PBXGroup;
			children = (
				15BD1DC32797CB2600C9A119 /* Prework */,
				15BD1DDA2797CB2900C9A119 /* PreworkTests */,
				15BD1DE42797CB2900C9A119 /* PreworkUITests */,
				15BD1DC22797CB2600C9A119 /* Products */,
			);
			sourceTree = "<group>";
		};
		15BD1DC22797CB2600C9A119 /* Products */ = {
			isa = PBXGroup;
			children = (
				15BD1DC12797CB2600C9A119 /* Prework.app */,
				15BD1DD72797CB2900C9A119 /* PreworkTests.xctest */,
				15BD1DE12797CB2900C9A119 /* PreworkUITests.xctest */,
			);
			name = Products;
			sourceTree = "<group>";
		};
		15BD1DC32797CB2600C9A119 /* Prework */ = {
			isa = PBXGroup;
			children = (
				15BD1DC42797CB2600C9A119 /* AppDelegate.swift */,
				15BD1DC62797CB2600C9A119 /* SceneDelegate.swift */,
				15BD1DC82797CB2600C9A119 /* ViewController.swift */,
				15BD1DCA2797CB2600C9A119 /* Main.storyboard */,
				15BD1DCD2797CB2900C9A119 /* Assets.xcassets */,
				15BD1DCF2797CB2900C9A119 /* LaunchScreen.storyboard */,
				15BD1DD22797CB2900C9A119 /* Info.plist */,
			);
			path = Prework;
			sourceTree = "<group>";
		};
		15BD1DDA2797CB2900C9A119 /* PreworkTests */ = {
			isa = PBXGroup;
			children = (
				15BD1DDB2797CB2900C9A119 /* PreworkTests.swift */,
			);
			path = PreworkTests;
			sourceTree = "<group>";
		};
		15BD1DE42797CB2900C9A119 /* PreworkUITests */ = {
			isa = PBXGroup;
			children = (
				15BD1DE52797CB2900C9A119 /* PreworkUITests.swift */,
				15BD1DE72797CB2900C9A119 /* PreworkUITestsLaunchTests.swift */,
			);
			path = PreworkUITests;
			sourceTree = "<group>";
		};
/* End PBXGroup section */

/* Begin PBXNativeTarget section */
		15BD1DC02797CB2600C9A119 /* Prework */ = {
			isa = PBXNativeTarget;
			buildConfigurationList = 15BD1DEB2797CB2900C9A119 /* Build configuration list for PBXNativeTarget "Prework" */;
			buildPhases = (
				15BD1DBD2797CB2600C9A119 /* Sources */,
				15BD1DBE2797CB2600C9A119 /* Frameworks */,
				15BD1DBF2797CB2600C9A119 /* Resources */,
			);
			buildRules = (
			);
			dependencies = (
			);
			name = Prework;
			productName = Prework;
			productReference = 15BD1DC12797CB2600C9A119 /* Prework.app */;
			productType = "com.apple.product-type.application";
		};
		15BD1DD62797CB2900C9A119 /* PreworkTests */ = {
			isa = PBXNativeTarget;
			buildConfigurationList = 15BD1DEE2797CB2900C9A119 /* Build configuration list for PBXNativeTarget "PreworkTests" */;
			buildPhases = (
				15BD1DD32797CB2900C9A119 /* Sources */,
				15BD1DD42797CB2900C9A119 /* Frameworks */,
				15BD1DD52797CB2900C9A119 /* Resources */,
			);
			buildRules = (
			);
			dependencies = (
				15BD1DD92797CB2900C9A119 /* PBXTargetDependency */,
			);
			name = PreworkTests;
			productName = PreworkTests;
			productReference = 15BD1DD72797CB2900C9A119 /* PreworkTests.xctest */;
			productType = "com.apple.product-type.bundle.unit-test";
		};
		15BD1DE02797CB2900C9A119 /* PreworkUITests */ = {
			isa = PBXNativeTarget;
			buildConfigurationList = 15BD1DF12797CB2900C9A119 /* Build configuration list for PBXNativeTarget "PreworkUITests" */;
			buildPhases = (
				15BD1DDD2797CB2900C9A119 /* Sources */,
				15BD1DDE2797CB2900C9A119 /* Frameworks */,
				15BD1DDF2797CB2900C9A119 /* Resources */,
			);
			buildRules = (
			);
			dependencies = (
				15BD1DE32797CB2900C9A119 /* PBXTargetDependency */,
			);
			name = PreworkUITests;
			productName = PreworkUITests;
			productReference = 15BD1DE12797CB2900C9A119 /* PreworkUITests.xctest */;
			productType = "com.apple.product-type.bundle.ui-testing";
		};
/* End PBXNativeTarget section */

/* Begin PBXProject section */
		15BD1DB92797CB2600C9A119 /* Project object */ = {
			isa = PBXProject;
			attributes = {
				BuildIndependentTargetsInParallel = 1;
				LastSwiftUpdateCheck = 1320;
				LastUpgradeCheck = 1320;
				TargetAttributes = {
					15BD1DC02797CB2600C9A119 = {
						CreatedOnToolsVersion = 13.2.1;
					};
					15BD1DD62797CB2900C9A119 = {
						CreatedOnToolsVersion = 13.2.1;
						TestTargetID = 15BD1DC02797CB2600C9A119;
					};
					15BD1DE02797CB2900C9A119 = {
						CreatedOnToolsVersion = 13.2.1;
						TestTargetID = 15BD1DC02797CB2600C9A119;
					};
				};
			};
			buildConfigurationList = 15BD1DBC2797CB2600C9A119 /* Build configuration list for PBXProject "Prework" */;
			compatibilityVersion = "Xcode 13.0";
			developmentRegion = en;
			hasScannedForEncodings = 0;
			knownRegions = (
				en,
				Base,
			);
			mainGroup = 15BD1DB82797CB2600C9A119;
			productRefGroup = 15BD1DC22797CB2600C9A119 /* Products */;
			projectDirPath = "";
			projectRoot = "";
			targets = (
				15BD1DC02797CB2600C9A119 /* Prework */,
				15BD1DD62797CB2900C9A119 /* PreworkTests */,
				15BD1DE02797CB2900C9A119 /* PreworkUITests */,
			);
		};
/* End PBXProject section */

/* Begin PBXResourcesBuildPhase section */
		15BD1DBF2797CB2600C9A119 /* Resources */ = {
			isa = PBXResourcesBuildPhase;
			buildActionMask = 2147483647;
			files = (
				15BD1DD12797CB2900C9A119 /* LaunchScreen.storyboard in Resources */,
				15BD1DCE2797CB2900C9A119 /* Assets.xcassets in Resources */,
				15BD1DCC2797CB2600C9A119 /* Main.storyboard in Resources */,
			);
			runOnlyForDeploymentPostprocessing = 0;
		};
		15BD1DD52797CB2900C9A119 /* Resources */ = {
			isa = PBXResourcesBuildPhase;
			buildActionMask = 2147483647;
			files = (
			);
			runOnlyForDeploymentPostprocessing = 0;
		};
		15BD1DDF2797CB2900C9A119 /* Resources */ = {
			isa = PBXResourcesBuildPhase;
			buildActionMask = 2147483647;
			files = (
			);
			runOnlyForDeploymentPostprocessing = 0;
		};
/* End PBXResourcesBuildPhase section */

/* Begin PBXSourcesBuildPhase section */
		15BD1DBD2797CB2600C9A119 /* Sources */ = {
			isa = PBXSourcesBuildPhase;
			buildActionMask = 2147483647;
			files = (
				15BD1DC92797CB2600C9A119 /* ViewController.swift in Sources */,
				15BD1DC52797CB2600C9A119 /* AppDelegate.swift in Sources */,
				15BD1DC72797CB2600C9A119 /* SceneDelegate.swift in Sources */,
			);
			runOnlyForDeploymentPostprocessing = 0;
		};
		15BD1DD32797CB2900C9A119 /* Sources */ = {
			isa = PBXSourcesBuildPhase;
			buildActionMask = 2147483647;
			files = (
				15BD1DDC2797CB2900C9A119 /* PreworkTests.swift in Sources */,
			);
			runOnlyForDeploymentPostprocessing = 0;
		};
		15BD1DDD2797CB2900C9A119 /* Sources */ = {
			isa = PBXSourcesBuildPhase;
			buildActionMask = 2147483647;
			files = (
				15BD1DE62797CB2900C9A119 /* PreworkUITests.swift in Sources */,
				15BD1DE82797CB2900C9A119 /* PreworkUITestsLaunchTests.swift in Sources */,
			);
			runOnlyForDeploymentPostprocessing = 0;
		};
/* End PBXSourcesBuildPhase section */

/* Begin PBXTargetDependency section */
		15BD1DD92797CB2900C9A119 /* PBXTargetDependency */ = {
			isa = PBXTargetDependency;
			target = 15BD1DC02797CB2600C9A119 /* Prework */;
			targetProxy = 15BD1DD82797CB2900C9A119 /* PBXContainerItemProxy */;
		};
		15BD1DE32797CB2900C9A119 /* PBXTargetDependency */ = {
			isa = PBXTargetDependency;
			target = 15BD1DC02797CB2600C9A119 /* Prework */;
			targetProxy = 15BD1DE22797CB2900C9A119 /* PBXContainerItemProxy */;
		};
/* End PBXTargetDependency section */

/* Begin PBXVariantGroup section */
		15BD1DCA2797CB2600C9A119 /* Main.storyboard */ = {
			isa = PBXVariantGroup;
			children = (
				15BD1DCB2797CB2600C9A119 /* Base */,
			);
			name = Main.storyboard;
			sourceTree = "<group>";
		};
		15BD1DCF2797CB2900C9A119 /* LaunchScreen.storyboard */ = {
			isa = PBXVariantGroup;
			children = (
				15BD1DD02797CB2900C9A119 /* Base */,
			);
			name = LaunchScreen.storyboard;
			sourceTree = "<group>";
		};
/* End PBXVariantGroup section */

/* Begin XCBuildConfiguration section */
		15BD1DE92797CB2900C9A119 /* Debug */ = {
			isa = XCBuildConfiguration;
			buildSettings = {
				ALWAYS_SEARCH_USER_PATHS = NO;
				CLANG_ANALYZER_NONNULL = YES;
				CLANG_ANALYZER_NUMBER_OBJECT_CONVERSION = YES_AGGRESSIVE;
				CLANG_CXX_LANGUAGE_STANDARD = "gnu++17";
				CLANG_CXX_LIBRARY = "libc++";
				CLANG_ENABLE_MODULES = YES;
				CLANG_ENABLE_OBJC_ARC = YES;
				CLANG_ENABLE_OBJC_WEAK = YES;
				CLANG_WARN_BLOCK_CAPTURE_AUTORELEASING = YES;
				CLANG_WARN_BOOL_CONVERSION = YES;
				CLANG_WARN_COMMA = YES;
				CLANG_WARN_CONSTANT_CONVERSION = YES;
				CLANG_WARN_DEPRECATED_OBJC_IMPLEMENTATIONS = YES;
				CLANG_WARN_DIRECT_OBJC_ISA_USAGE = YES_ERROR;
				CLANG_WARN_DOCUMENTATION_COMMENTS = YES;
				CLANG_WARN_EMPTY_BODY = YES;
				CLANG_WARN_ENUM_CONVERSION = YES;
				CLANG_WARN_INFINITE_RECURSION = YES;
				CLANG_WARN_INT_CONVERSION = YES;
				CLANG_WARN_NON_LITERAL_NULL_CONVERSION = YES;
				CLANG_WARN_OBJC_IMPLICIT_RETAIN_SELF = YES;
				CLANG_WARN_OBJC_LITERAL_CONVERSION = YES;
				CLANG_WARN_OBJC_ROOT_CLASS = YES_ERROR;
				CLANG_WARN_QUOTED_INCLUDE_IN_FRAMEWORK_HEADER = YES;
				CLANG_WARN_RANGE_LOOP_ANALYSIS = YES;
				CLANG_WARN_STRICT_PROTOTYPES = YES;
				CLANG_WARN_SUSPICIOUS_MOVE = YES;
				CLANG_WARN_UNGUARDED_AVAILABILITY = YES_AGGRESSIVE;
				CLANG_WARN_UNREACHABLE_CODE = YES;
				CLANG_WARN__DUPLICATE_METHOD_MATCH = YES;
				COPY_PHASE_STRIP = NO;
				DEBUG_INFORMATION_FORMAT = dwarf;
				ENABLE_STRICT_OBJC_MSGSEND = YES;
				ENABLE_TESTABILITY = YES;
				GCC_C_LANGUAGE_STANDARD = gnu11;
				GCC_DYNAMIC_NO_PIC = NO;
				GCC_NO_COMMON_BLOCKS = YES;
				GCC_OPTIMIZATION_LEVEL = 0;
				GCC_PREPROCESSOR_DEFINITIONS = (
					"DEBUG=1",
					"$(inherited)",
				);
				GCC_WARN_64_TO_32_BIT_CONVERSION = YES;
				GCC_WARN_ABOUT_RETURN_TYPE = YES_ERROR;
				GCC_WARN_UNDECLARED_SELECTOR = YES;
				GCC_WARN_UNINITIALIZED_AUTOS = YES_AGGRESSIVE;
				GCC_WARN_UNUSED_FUNCTION = YES;
				GCC_WARN_UNUSED_VARIABLE = YES;
				IPHONEOS_DEPLOYMENT_TARGET = 15.2;
				MTL_ENABLE_DEBUG_INFO = INCLUDE_SOURCE;
				MTL_FAST_MATH = YES;
				ONLY_ACTIVE_ARCH = YES;
				SDKROOT = iphoneos;
				SWIFT_ACTIVE_COMPILATION_CONDITIONS = DEBUG;
				SWIFT_OPTIMIZATION_LEVEL = "-Onone";
			};
			name = Debug;
		};
		15BD1DEA2797CB2900C9A119 /* Release */ = {
			isa = XCBuildConfiguration;
			buildSettings = {
				ALWAYS_SEARCH_USER_PATHS = NO;
				CLANG_ANALYZER_NONNULL = YES;
				CLANG_ANALYZER_NUMBER_OBJECT_CONVERSION = YES_AGGRESSIVE;
				CLANG_CXX_LANGUAGE_STANDARD = "gnu++17";
				CLANG_CXX_LIBRARY = "libc++";
				CLANG_ENABLE_MODULES = YES;
				CLANG_ENABLE_OBJC_ARC = YES;
				CLANG_ENABLE_OBJC_WEAK = YES;
				CLANG_WARN_BLOCK_CAPTURE_AUTORELEASING = YES;
				CLANG_WARN_BOOL_CONVERSION = YES;
				CLANG_WARN_COMMA = YES;
				CLANG_WARN_CONSTANT_CONVERSION = YES;
				CLANG_WARN_DEPRECATED_OBJC_IMPLEMENTATIONS = YES;
				CLANG_WARN_DIRECT_OBJC_ISA_USAGE = YES_ERROR;
				CLANG_WARN_DOCUMENTATION_COMMENTS = YES;
				CLANG_WARN_EMPTY_BODY = YES;
				CLANG_WARN_ENUM_CONVERSION = YES;
				CLANG_WARN_INFINITE_RECURSION = YES;
				CLANG_WARN_INT_CONVERSION = YES;
				CLANG_WARN_NON_LITERAL_NULL_CONVERSION = YES;
				CLANG_WARN_OBJC_IMPLICIT_RETAIN_SELF = YES;
				CLANG_WARN_OBJC_LITERAL_CONVERSION = YES;
				CLANG_WARN_OBJC_ROOT_CLASS = YES_ERROR;
				CLANG_WARN_QUOTED_INCLUDE_IN_FRAMEWORK_HEADER = YES;
				CLANG_WARN_RANGE_LOOP_ANALYSIS = YES;
				CLANG_WARN_STRICT_PROTOTYPES = YES;
				CLANG_WARN_SUSPICIOUS_MOVE = YES;
				CLANG_WARN_UNGUARDED_AVAILABILITY = YES_AGGRESSIVE;
				CLANG_WARN_UNREACHABLE_CODE = YES;
				CLANG_WARN__DUPLICATE_METHOD_MATCH = YES;
				COPY_PHASE_STRIP = NO;
				DEBUG_INFORMATION_FORMAT = "dwarf-with-dsym";
				ENABLE_NS_ASSERTIONS = NO;
				ENABLE_STRICT_OBJC_MSGSEND = YES;
				GCC_C_LANGUAGE_STANDARD = gnu11;
				GCC_NO_COMMON_BLOCKS = YES;
				GCC_WARN_64_TO_32_BIT_CONVERSION = YES;
				GCC_WARN_ABOUT_RETURN_TYPE = YES_ERROR;
				GCC_WARN_UNDECLARED_SELECTOR = YES;
				GCC_WARN_UNINITIALIZED_AUTOS = YES_AGGRESSIVE;
				GCC_WARN_UNUSED_FUNCTION = YES;
				GCC_WARN_UNUSED_VARIABLE = YES;
				IPHONEOS_DEPLOYMENT_TARGET = 15.2;
				MTL_ENABLE_DEBUG_INFO = NO;
				MTL_FAST_MATH = YES;
				SDKROOT = iphoneos;
				SWIFT_COMPILATION_MODE = wholemodule;
				SWIFT_OPTIMIZATION_LEVEL = "-O";
				VALIDATE_PRODUCT = YES;
			};
			name = Release;
		};
		15BD1DEC2797CB2900C9A119 /* Debug */ = {
			isa = XCBuildConfiguration;
			buildSettings = {
				ASSETCATALOG_COMPILER_APPICON_NAME = AppIcon;
				ASSETCATALOG_COMPILER_GLOBAL_ACCENT_COLOR_NAME = AccentColor;
				CODE_SIGN_STYLE = Automatic;
				CURRENT_PROJECT_VERSION = 1;
				GENERATE_INFOPLIST_FILE = YES;
				INFOPLIST_FILE = Prework/Info.plist;
				INFOPLIST_KEY_UIApplicationSupportsIndirectInputEvents = YES;
				INFOPLIST_KEY_UILaunchStoryboardName = LaunchScreen;
				INFOPLIST_KEY_UIMainStoryboardFile = Main;
				INFOPLIST_KEY_UISupportedInterfaceOrientations_iPad = "UIInterfaceOrientationPortrait UIInterfaceOrientationPortraitUpsideDown UIInterfaceOrientationLandscapeLeft UIInterfaceOrientationLandscapeRight";
				INFOPLIST_KEY_UISupportedInterfaceOrientations_iPhone = "UIInterfaceOrientationPortrait UIInterfaceOrientationLandscapeLeft UIInterfaceOrientationLandscapeRight";
				LD_RUNPATH_SEARCH_PATHS = (
					"$(inherited)",
					"@executable_path/Frameworks",
				);
				MARKETING_VERSION = 1.0;
				PRODUCT_BUNDLE_IDENTIFIER = any.Prework;
				PRODUCT_NAME = "$(TARGET_NAME)";
				SWIFT_EMIT_LOC_STRINGS = YES;
				SWIFT_VERSION = 5.0;
				TARGETED_DEVICE_FAMILY = "1,2";
			};
			name = Debug;
		};
		15BD1DED2797CB2900C9A119 /* Release */ = {
			isa = XCBuildConfiguration;
			buildSettings = {
				ASSETCATALOG_COMPILER_APPICON_NAME = AppIcon;
				ASSETCATALOG_COMPILER_GLOBAL_ACCENT_COLOR_NAME = AccentColor;
				CODE_SIGN_STYLE = Automatic;
				CURRENT_PROJECT_VERSION = 1;
				GENERATE_INFOPLIST_FILE = YES;
				INFOPLIST_FILE = Prework/Info.plist;
				INFOPLIST_KEY_UIApplicationSupportsIndirectInputEvents = YES;
				INFOPLIST_KEY_UILaunchStoryboardName = LaunchScreen;
				INFOPLIST_KEY_UIMainStoryboardFile = Main;
				INFOPLIST_KEY_UISupportedInterfaceOrientations_iPad = "UIInterfaceOrientationPortrait UIInterfaceOrientationPortraitUpsideDown UIInterfaceOrientationLandscapeLeft UIInterfaceOrientationLandscapeRight";
				INFOPLIST_KEY_UISupportedInterfaceOrientations_iPhone = "UIInterfaceOrientationPortrait UIInterfaceOrientationLandscapeLeft UIInterfaceOrientationLandscapeRight";
				LD_RUNPATH_SEARCH_PATHS = (
					"$(inherited)",
					"@executable_path/Frameworks",
				);
				MARKETING_VERSION = 1.0;
				PRODUCT_BUNDLE_IDENTIFIER = any.Prework;
				PRODUCT_NAME = "$(TARGET_NAME)";
				SWIFT_EMIT_LOC_STRINGS = YES;
				SWIFT_VERSION = 5.0;
				TARGETED_DEVICE_FAMILY = "1,2";
			};
			name = Release;
		};
		15BD1DEF2797CB2900C9A119 /* Debug */ = {
			isa = XCBuildConfiguration;
			buildSettings = {
				ALWAYS_EMBED_SWIFT_STANDARD_LIBRARIES = YES;
				BUNDLE_LOADER = "$(TEST_HOST)";
				CODE_SIGN_STYLE = Automatic;
				CURRENT_PROJECT_VERSION = 1;
				GENERATE_INFOPLIST_FILE = YES;
				IPHONEOS_DEPLOYMENT_TARGET = 15.2;
				MARKETING_VERSION = 1.0;
				PRODUCT_BUNDLE_IDENTIFIER = any.PreworkTests;
				PRODUCT_NAME = "$(TARGET_NAME)";
				SWIFT_EMIT_LOC_STRINGS = NO;
				SWIFT_VERSION = 5.0;
				TARGETED_DEVICE_FAMILY = "1,2";
				TEST_HOST = "$(BUILT_PRODUCTS_DIR)/Prework.app/Prework";
			};
			name = Debug;
		};
		15BD1DF02797CB2900C9A119 /* Release */ = {
			isa = XCBuildConfiguration;
			buildSettings = {
				ALWAYS_EMBED_SWIFT_STANDARD_LIBRARIES = YES;
				BUNDLE_LOADER = "$(TEST_HOST)";
				CODE_SIGN_STYLE = Automatic;
				CURRENT_PROJECT_VERSION = 1;
				GENERATE_INFOPLIST_FILE = YES;
				IPHONEOS_DEPLOYMENT_TARGET = 15.2;
				MARKETING_VERSION = 1.0;
				PRODUCT_BUNDLE_IDENTIFIER = any.PreworkTests;
				PRODUCT_NAME = "$(TARGET_NAME)";
				SWIFT_EMIT_LOC_STRINGS = NO;
				SWIFT_VERSION = 5.0;
				TARGETED_DEVICE_FAMILY = "1,2";
				TEST_HOST = "$(BUILT_PRODUCTS_DIR)/Prework.app/Prework";
			};
			name = Release;
		};
		15BD1DF22797CB2900C9A119 /* Debug */ = {
			isa = XCBuildConfiguration;
			buildSettings = {
				ALWAYS_EMBED_SWIFT_STANDARD_LIBRARIES = YES;
				CODE_SIGN_STYLE = Automatic;
				CURRENT_PROJECT_VERSION = 1;
				GENERATE_INFOPLIST_FILE = YES;
				MARKETING_VERSION = 1.0;
				PRODUCT_BUNDLE_IDENTIFIER = any.PreworkUITests;
				PRODUCT_NAME = "$(TARGET_NAME)";
				SWIFT_EMIT_LOC_STRINGS = NO;
				SWIFT_VERSION = 5.0;
				TARGETED_DEVICE_FAMILY = "1,2";
				TEST_TARGET_NAME = Prework;
			};
			name = Debug;
		};
		15BD1DF32797CB2900C9A119 /* Release */ = {
			isa = XCBuildConfiguration;
			buildSettings = {
				ALWAYS_EMBED_SWIFT_STANDARD_LIBRARIES = YES;
				CODE_SIGN_STYLE = Automatic;
				CURRENT_PROJECT_VERSION = 1;
				GENERATE_INFOPLIST_FILE = YES;
				MARKETING_VERSION = 1.0;
				PRODUCT_BUNDLE_IDENTIFIER = any.PreworkUITests;
				PRODUCT_NAME = "$(TARGET_NAME)";
				SWIFT_EMIT_LOC_STRINGS = NO;
				SWIFT_VERSION = 5.0;
				TARGETED_DEVICE_FAMILY = "1,2";
				TEST_TARGET_NAME = Prework;
			};
			name = Release;
		};
/* End XCBuildConfiguration section */

/* Begin XCConfigurationList section */
		15BD1DBC2797CB2600C9A119 /* Build configuration list for PBXProject "Prework" */ = {
			isa = XCConfigurationList;
			buildConfigurations = (
				15BD1DE92797CB2900C9A119 /* Debug */,
				15BD1DEA2797CB2900C9A119 /* Release */,
			);
			defaultConfigurationIsVisible = 0;
			defaultConfigurationName = Release;
		};
		15BD1DEB2797CB2900C9A119 /* Build configuration list for PBXNativeTarget "Prework" */ = {
			isa = XCConfigurationList;
			buildConfigurations = (
				15BD1DEC2797CB2900C9A119 /* Debug */,
				15BD1DED2797CB2900C9A119 /* Release */,
			);
			defaultConfigurationIsVisible = 0;
			defaultConfigurationName = Release;
		};
		15BD1DEE2797CB2900C9A119 /* Build configuration list for PBXNativeTarget "PreworkTests" */ = {
			isa = XCConfigurationList;
			buildConfigurations = (
				15BD1DEF2797CB2900C9A119 /* Debug */,
				15BD1DF02797CB2900C9A119 /* Release */,
			);
			defaultConfigurationIsVisible = 0;
			defaultConfigurationName = Release;
		};
		15BD1DF12797CB2900C9A119 /* Build configuration list for PBXNativeTarget "PreworkUITests" */ = {
			isa = XCConfigurationList;
			buildConfigurations = (
				15BD1DF22797CB2900C9A119 /* Debug */,
				15BD1DF32797CB2900C9A119 /* Release */,
			);
			defaultConfigurationIsVisible = 0;
			defaultConfigurationName = Release;
		};
/* End XCConfigurationList section */
	};
	rootObject = 15BD1DB92797CB2600C9A119 /* Project object */;
}
